{
  "name": "performance-monitor",
  "version": "1.0.0",
  "lockfileVersion": 3,
  "requires": true,
  "packages": {
    "": {
      "name": "performance-monitor",
      "version": "1.0.0",
      "license": "MIT",
      "dependencies": {
        "ts-lib": "^0.0.5",
        "typescript": "^5.8.3"
      }
    },
    "node_modules/ts-lib": {
      "version": "0.0.5",
      "resolved": "https://registry.npmjs.org/ts-lib/-/ts-lib-0.0.5.tgz",
      "integrity": "sha512-pBLcwddLU22ib+vOAzhmTVqQZVN6FD8LtI0Rq4W6BZMOwhOpXqkKRi8f7P5F8KkuPzeunpimLbL0jznWsBeQHg=="
    },
    "node_modules/typescript": {
      "version": "5.8.3",
      "resolved": "https://registry.npmjs.org/typescript/-/typescript-5.8.3.tgz",
      "integrity": "sha512-p1diW6TqL9L07nNxvRMM7hMMw4c5XOo/1ibL4aAIGmSAt9slTE1Xgw5KWuof2uTOvCg9BY7ZRi+GaF+7sfgPeQ==",
      "license": "Apache-2.0",
      "bin": {
        "tsc": "bin/tsc",
        "tsserver": "bin/tsserver"
      },
      "engines": {
        "node": ">=14.17"
      }
    }
  }
}
